
Microsoft Visual Studio Solution File, Format Version 11.00
# Visual Studio 2010
Project("{FAE04EC0-301F-11D3-BF4B-00C04F79EFBC}") = "Hashids.net", "Hashids.net\Hashids.net.csproj", "{77F06BF2-B75A-498E-BE61-C84754D9F789}"
EndProject
Project("{2150E333-8FDC-42A3-9474-1A3956D46DE8}") = "Solution Items", "Solution Items", "{A6015393-39EA-44E3-BF0A-37D2BC5CC874}"
	ProjectSection(SolutionItems) = preProject
		LICENSE.txt = LICENSE.txt
		README.md = README.md
	EndProjectSection
EndProject
Project("{2150E333-8FDC-42A3-9474-1A3956D46DE8}") = ".nuget", ".nuget", "{E29F88E8-7672-48E9-A3A2-A5E8F5089A83}"
	ProjectSection(SolutionItems) = preProject
		.nuget\packages.config = .nuget\packages.config
	EndProjectSection
EndProject
Project("{FAE04EC0-301F-11D3-BF4B-00C04F79EFBC}") = "Hashids.net.spec", "Hashids.net.spec\Hashids.net.spec.csproj", "{E6BF2B96-81DF-49DE-8851-336AF79EA435}"
EndProject
Global
	GlobalSection(SolutionConfigurationPlatforms) = preSolution
		Debug|Any CPU = Debug|Any CPU
		Release|Any CPU = Release|Any CPU
	EndGlobalSection
	GlobalSection(ProjectConfigurationPlatforms) = postSolution
		{77F06BF2-B75A-498E-BE61-C84754D9F789}.Debug|Any CPU.ActiveCfg = Debug|Any CPU
		{77F06BF2-B75A-498E-BE61-C84754D9F789}.Debug|Any CPU.Build.0 = Debug|Any CPU
		{77F06BF2-B75A-498E-BE61-C84754D9F789}.Release|Any CPU.ActiveCfg = Release|Any CPU
		{77F06BF2-B75A-498E-BE61-C84754D9F789}.Release|Any CPU.Build.0 = Release|Any CPU
		{E6BF2B96-81DF-49DE-8851-336AF79EA435}.Debug|Any CPU.ActiveCfg = Debug|Any CPU
		{E6BF2B96-81DF-49DE-8851-336AF79EA435}.Debug|Any CPU.Build.0 = Debug|Any CPU
		{E6BF2B96-81DF-49DE-8851-336AF79EA435}.Release|Any CPU.ActiveCfg = Release|Any CPU
		{E6BF2B96-81DF-49DE-8851-336AF79EA435}.Release|Any CPU.Build.0 = Release|Any CPU
	EndGlobalSection
	GlobalSection(SolutionProperties) = preSolution
		HideSolutionNode = FALSE
	EndGlobalSection
EndGlobal
