
Microsoft Visual Studio Solution File, Format Version 12.00
# Visual Studio 14
VisualStudioVersion = 14.0.23107.0
MinimumVisualStudioVersion = 10.0.40219.1
Project("{FAE04EC0-301F-11D3-BF4B-00C04F79EFBC}") = "Hashids.net", "Hashids.net\Hashids.net.csproj", "{77F06BF2-B75A-498E-BE61-C84754D9F789}"
EndProject
Project("{2150E333-8FDC-42A3-9474-1A3956D46DE8}") = "Solution Items", "Solution Items", "{A6015393-39EA-44E3-BF0A-37D2BC5CC874}"
	ProjectSection(SolutionItems) = preProject
		.travis.yml = .travis.yml
		LICENSE.txt = LICENSE.txt
		README.md = README.md
	EndProjectSection
EndProject
Project("{FAE04EC0-301F-11D3-BF4B-00C04F79EFBC}") = "Hashids.net.test", "Hashids.net.test\Hashids.net.test.csproj", "{CCEDE06C-E296-4B83-9900-07749E4ED07F}"
EndProject
Project("{2150E333-8FDC-42A3-9474-1A3956D46DE8}") = ".nuget", ".nuget", "{28CDD7E8-D995-4428-81F3-86598C9C1FFF}"
	ProjectSection(SolutionItems) = preProject
		.nuget\NuGet.Config = .nuget\NuGet.Config
		.nuget\NuGet.exe = .nuget\NuGet.exe
		.nuget\NuGet.targets = .nuget\NuGet.targets
	EndProjectSection
EndProject
Project("{FAE04EC0-301F-11D3-BF4B-00C04F79EFBC}") = "Hashids.pcl", "Hashids.pcl\Hashids.pcl.csproj", "{F498445D-ADC1-43C0-8BB5-95DFCFDC9B52}"
EndProject
Project("{FAE04EC0-301F-11D3-BF4B-00C04F79EFBC}") = "Hashids.pcl.tests", "Hashids.pcl.tests\Hashids.pcl.tests.csproj", "{9B8FEA72-C43C-4B64-8330-3E1E9B74FD94}"
EndProject
Project("{FAE04EC0-301F-11D3-BF4B-00C04F79EFBC}") = "Hashids.corefx", "Hashids.corefx\Hashids.corefx.csproj", "{CB753606-FEEA-45CB-B0C1-CB215EF787EC}"
EndProject
Project("{FAE04EC0-301F-11D3-BF4B-00C04F79EFBC}") = "Hashids.corefx.tests", "Hashids.corefx.tests\Hashids.corefx.tests.csproj", "{E21C9C9E-00FE-4652-94B8-AC303658B48E}"
EndProject
Global
	GlobalSection(SolutionConfigurationPlatforms) = preSolution
		Debug|Any CPU = Debug|Any CPU
		Debug|ARM = Debug|ARM
		Debug|x64 = Debug|x64
		Debug|x86 = Debug|x86
		NET40|Any CPU = NET40|Any CPU
		NET40|ARM = NET40|ARM
		NET40|x64 = NET40|x64
		NET40|x86 = NET40|x86
		NET45|Any CPU = NET45|Any CPU
		NET45|ARM = NET45|ARM
		NET45|x64 = NET45|x64
		NET45|x86 = NET45|x86
		Release|Any CPU = Release|Any CPU
		Release|ARM = Release|ARM
		Release|x64 = Release|x64
		Release|x86 = Release|x86
	EndGlobalSection
	GlobalSection(ProjectConfigurationPlatforms) = postSolution
		{77F06BF2-B75A-498E-BE61-C84754D9F789}.Debug|Any CPU.ActiveCfg = Debug|Any CPU
		{77F06BF2-B75A-498E-BE61-C84754D9F789}.Debug|Any CPU.Build.0 = Debug|Any CPU
		{77F06BF2-B75A-498E-BE61-C84754D9F789}.Debug|ARM.ActiveCfg = Debug|Any CPU
		{77F06BF2-B75A-498E-BE61-C84754D9F789}.Debug|ARM.Build.0 = Debug|Any CPU
		{77F06BF2-B75A-498E-BE61-C84754D9F789}.Debug|x64.ActiveCfg = Debug|Any CPU
		{77F06BF2-B75A-498E-BE61-C84754D9F789}.Debug|x64.Build.0 = Debug|Any CPU
		{77F06BF2-B75A-498E-BE61-C84754D9F789}.Debug|x86.ActiveCfg = Debug|Any CPU
		{77F06BF2-B75A-498E-BE61-C84754D9F789}.Debug|x86.Build.0 = Debug|Any CPU
		{77F06BF2-B75A-498E-BE61-C84754D9F789}.NET40|Any CPU.ActiveCfg = NET40|Any CPU
		{77F06BF2-B75A-498E-BE61-C84754D9F789}.NET40|Any CPU.Build.0 = NET40|Any CPU
		{77F06BF2-B75A-498E-BE61-C84754D9F789}.NET40|ARM.ActiveCfg = NET40|Any CPU
		{77F06BF2-B75A-498E-BE61-C84754D9F789}.NET40|ARM.Build.0 = NET40|Any CPU
		{77F06BF2-B75A-498E-BE61-C84754D9F789}.NET40|x64.ActiveCfg = NET40|Any CPU
		{77F06BF2-B75A-498E-BE61-C84754D9F789}.NET40|x64.Build.0 = NET40|Any CPU
		{77F06BF2-B75A-498E-BE61-C84754D9F789}.NET40|x86.ActiveCfg = NET40|Any CPU
		{77F06BF2-B75A-498E-BE61-C84754D9F789}.NET40|x86.Build.0 = NET40|Any CPU
		{77F06BF2-B75A-498E-BE61-C84754D9F789}.NET45|Any CPU.ActiveCfg = NET45|Any CPU
		{77F06BF2-B75A-498E-BE61-C84754D9F789}.NET45|Any CPU.Build.0 = NET45|Any CPU
		{77F06BF2-B75A-498E-BE61-C84754D9F789}.NET45|ARM.ActiveCfg = NET45|Any CPU
		{77F06BF2-B75A-498E-BE61-C84754D9F789}.NET45|ARM.Build.0 = NET45|Any CPU
		{77F06BF2-B75A-498E-BE61-C84754D9F789}.NET45|x64.ActiveCfg = NET45|Any CPU
		{77F06BF2-B75A-498E-BE61-C84754D9F789}.NET45|x64.Build.0 = NET45|Any CPU
		{77F06BF2-B75A-498E-BE61-C84754D9F789}.NET45|x86.ActiveCfg = NET45|Any CPU
		{77F06BF2-B75A-498E-BE61-C84754D9F789}.NET45|x86.Build.0 = NET45|Any CPU
		{77F06BF2-B75A-498E-BE61-C84754D9F789}.Release|Any CPU.ActiveCfg = Release|Any CPU
		{77F06BF2-B75A-498E-BE61-C84754D9F789}.Release|Any CPU.Build.0 = Release|Any CPU
		{77F06BF2-B75A-498E-BE61-C84754D9F789}.Release|ARM.ActiveCfg = Release|Any CPU
		{77F06BF2-B75A-498E-BE61-C84754D9F789}.Release|ARM.Build.0 = Release|Any CPU
		{77F06BF2-B75A-498E-BE61-C84754D9F789}.Release|x64.ActiveCfg = Release|Any CPU
		{77F06BF2-B75A-498E-BE61-C84754D9F789}.Release|x64.Build.0 = Release|Any CPU
		{77F06BF2-B75A-498E-BE61-C84754D9F789}.Release|x86.ActiveCfg = Release|Any CPU
		{77F06BF2-B75A-498E-BE61-C84754D9F789}.Release|x86.Build.0 = Release|Any CPU
		{CCEDE06C-E296-4B83-9900-07749E4ED07F}.Debug|Any CPU.ActiveCfg = Debug|Any CPU
		{CCEDE06C-E296-4B83-9900-07749E4ED07F}.Debug|Any CPU.Build.0 = Debug|Any CPU
		{CCEDE06C-E296-4B83-9900-07749E4ED07F}.Debug|ARM.ActiveCfg = Debug|Any CPU
		{CCEDE06C-E296-4B83-9900-07749E4ED07F}.Debug|ARM.Build.0 = Debug|Any CPU
		{CCEDE06C-E296-4B83-9900-07749E4ED07F}.Debug|x64.ActiveCfg = Debug|Any CPU
		{CCEDE06C-E296-4B83-9900-07749E4ED07F}.Debug|x64.Build.0 = Debug|Any CPU
		{CCEDE06C-E296-4B83-9900-07749E4ED07F}.Debug|x86.ActiveCfg = Debug|Any CPU
		{CCEDE06C-E296-4B83-9900-07749E4ED07F}.Debug|x86.Build.0 = Debug|Any CPU
		{CCEDE06C-E296-4B83-9900-07749E4ED07F}.NET40|Any CPU.ActiveCfg = NET40|Any CPU
		{CCEDE06C-E296-4B83-9900-07749E4ED07F}.NET40|Any CPU.Build.0 = NET40|Any CPU
		{CCEDE06C-E296-4B83-9900-07749E4ED07F}.NET40|ARM.ActiveCfg = NET40|Any CPU
		{CCEDE06C-E296-4B83-9900-07749E4ED07F}.NET40|ARM.Build.0 = NET40|Any CPU
		{CCEDE06C-E296-4B83-9900-07749E4ED07F}.NET40|x64.ActiveCfg = NET40|Any CPU
		{CCEDE06C-E296-4B83-9900-07749E4ED07F}.NET40|x64.Build.0 = NET40|Any CPU
		{CCEDE06C-E296-4B83-9900-07749E4ED07F}.NET40|x86.ActiveCfg = NET40|Any CPU
		{CCEDE06C-E296-4B83-9900-07749E4ED07F}.NET40|x86.Build.0 = NET40|Any CPU
		{CCEDE06C-E296-4B83-9900-07749E4ED07F}.NET45|Any CPU.ActiveCfg = NET45|Any CPU
		{CCEDE06C-E296-4B83-9900-07749E4ED07F}.NET45|Any CPU.Build.0 = NET45|Any CPU
		{CCEDE06C-E296-4B83-9900-07749E4ED07F}.NET45|ARM.ActiveCfg = NET45|Any CPU
		{CCEDE06C-E296-4B83-9900-07749E4ED07F}.NET45|ARM.Build.0 = NET45|Any CPU
		{CCEDE06C-E296-4B83-9900-07749E4ED07F}.NET45|x64.ActiveCfg = NET45|Any CPU
		{CCEDE06C-E296-4B83-9900-07749E4ED07F}.NET45|x64.Build.0 = NET45|Any CPU
		{CCEDE06C-E296-4B83-9900-07749E4ED07F}.NET45|x86.ActiveCfg = NET45|Any CPU
		{CCEDE06C-E296-4B83-9900-07749E4ED07F}.NET45|x86.Build.0 = NET45|Any CPU
		{CCEDE06C-E296-4B83-9900-07749E4ED07F}.Release|Any CPU.ActiveCfg = Release|Any CPU
		{CCEDE06C-E296-4B83-9900-07749E4ED07F}.Release|Any CPU.Build.0 = Release|Any CPU
		{CCEDE06C-E296-4B83-9900-07749E4ED07F}.Release|ARM.ActiveCfg = Release|Any CPU
		{CCEDE06C-E296-4B83-9900-07749E4ED07F}.Release|ARM.Build.0 = Release|Any CPU
		{CCEDE06C-E296-4B83-9900-07749E4ED07F}.Release|x64.ActiveCfg = Release|Any CPU
		{CCEDE06C-E296-4B83-9900-07749E4ED07F}.Release|x64.Build.0 = Release|Any CPU
		{CCEDE06C-E296-4B83-9900-07749E4ED07F}.Release|x86.ActiveCfg = Release|Any CPU
		{CCEDE06C-E296-4B83-9900-07749E4ED07F}.Release|x86.Build.0 = Release|Any CPU
		{F498445D-ADC1-43C0-8BB5-95DFCFDC9B52}.Debug|Any CPU.ActiveCfg = Debug|Any CPU
		{F498445D-ADC1-43C0-8BB5-95DFCFDC9B52}.Debug|Any CPU.Build.0 = Debug|Any CPU
		{F498445D-ADC1-43C0-8BB5-95DFCFDC9B52}.Debug|ARM.ActiveCfg = Debug|Any CPU
		{F498445D-ADC1-43C0-8BB5-95DFCFDC9B52}.Debug|ARM.Build.0 = Debug|Any CPU
		{F498445D-ADC1-43C0-8BB5-95DFCFDC9B52}.Debug|x64.ActiveCfg = Debug|Any CPU
		{F498445D-ADC1-43C0-8BB5-95DFCFDC9B52}.Debug|x64.Build.0 = Debug|Any CPU
		{F498445D-ADC1-43C0-8BB5-95DFCFDC9B52}.Debug|x86.ActiveCfg = Debug|Any CPU
		{F498445D-ADC1-43C0-8BB5-95DFCFDC9B52}.Debug|x86.Build.0 = Debug|Any CPU
		{F498445D-ADC1-43C0-8BB5-95DFCFDC9B52}.NET40|Any CPU.ActiveCfg = Release|Any CPU
		{F498445D-ADC1-43C0-8BB5-95DFCFDC9B52}.NET40|Any CPU.Build.0 = Release|Any CPU
		{F498445D-ADC1-43C0-8BB5-95DFCFDC9B52}.NET40|ARM.ActiveCfg = Release|Any CPU
		{F498445D-ADC1-43C0-8BB5-95DFCFDC9B52}.NET40|ARM.Build.0 = Release|Any CPU
		{F498445D-ADC1-43C0-8BB5-95DFCFDC9B52}.NET40|x64.ActiveCfg = Release|Any CPU
		{F498445D-ADC1-43C0-8BB5-95DFCFDC9B52}.NET40|x64.Build.0 = Release|Any CPU
		{F498445D-ADC1-43C0-8BB5-95DFCFDC9B52}.NET40|x86.ActiveCfg = Release|Any CPU
		{F498445D-ADC1-43C0-8BB5-95DFCFDC9B52}.NET40|x86.Build.0 = Release|Any CPU
		{F498445D-ADC1-43C0-8BB5-95DFCFDC9B52}.NET45|Any CPU.ActiveCfg = Release|Any CPU
		{F498445D-ADC1-43C0-8BB5-95DFCFDC9B52}.NET45|Any CPU.Build.0 = Release|Any CPU
		{F498445D-ADC1-43C0-8BB5-95DFCFDC9B52}.NET45|ARM.ActiveCfg = Release|Any CPU
		{F498445D-ADC1-43C0-8BB5-95DFCFDC9B52}.NET45|ARM.Build.0 = Release|Any CPU
		{F498445D-ADC1-43C0-8BB5-95DFCFDC9B52}.NET45|x64.ActiveCfg = Release|Any CPU
		{F498445D-ADC1-43C0-8BB5-95DFCFDC9B52}.NET45|x64.Build.0 = Release|Any CPU
		{F498445D-ADC1-43C0-8BB5-95DFCFDC9B52}.NET45|x86.ActiveCfg = Release|Any CPU
		{F498445D-ADC1-43C0-8BB5-95DFCFDC9B52}.NET45|x86.Build.0 = Release|Any CPU
		{F498445D-ADC1-43C0-8BB5-95DFCFDC9B52}.Release|Any CPU.ActiveCfg = Release|Any CPU
		{F498445D-ADC1-43C0-8BB5-95DFCFDC9B52}.Release|Any CPU.Build.0 = Release|Any CPU
		{F498445D-ADC1-43C0-8BB5-95DFCFDC9B52}.Release|ARM.ActiveCfg = Release|Any CPU
		{F498445D-ADC1-43C0-8BB5-95DFCFDC9B52}.Release|ARM.Build.0 = Release|Any CPU
		{F498445D-ADC1-43C0-8BB5-95DFCFDC9B52}.Release|x64.ActiveCfg = Release|Any CPU
		{F498445D-ADC1-43C0-8BB5-95DFCFDC9B52}.Release|x64.Build.0 = Release|Any CPU
		{F498445D-ADC1-43C0-8BB5-95DFCFDC9B52}.Release|x86.ActiveCfg = Release|Any CPU
		{F498445D-ADC1-43C0-8BB5-95DFCFDC9B52}.Release|x86.Build.0 = Release|Any CPU
		{9B8FEA72-C43C-4B64-8330-3E1E9B74FD94}.Debug|Any CPU.ActiveCfg = Debug|Any CPU
		{9B8FEA72-C43C-4B64-8330-3E1E9B74FD94}.Debug|Any CPU.Build.0 = Debug|Any CPU
		{9B8FEA72-C43C-4B64-8330-3E1E9B74FD94}.Debug|ARM.ActiveCfg = Debug|Any CPU
		{9B8FEA72-C43C-4B64-8330-3E1E9B74FD94}.Debug|ARM.Build.0 = Debug|Any CPU
		{9B8FEA72-C43C-4B64-8330-3E1E9B74FD94}.Debug|x64.ActiveCfg = Debug|Any CPU
		{9B8FEA72-C43C-4B64-8330-3E1E9B74FD94}.Debug|x64.Build.0 = Debug|Any CPU
		{9B8FEA72-C43C-4B64-8330-3E1E9B74FD94}.Debug|x86.ActiveCfg = Debug|Any CPU
		{9B8FEA72-C43C-4B64-8330-3E1E9B74FD94}.Debug|x86.Build.0 = Debug|Any CPU
		{9B8FEA72-C43C-4B64-8330-3E1E9B74FD94}.NET40|Any CPU.ActiveCfg = Release|Any CPU
		{9B8FEA72-C43C-4B64-8330-3E1E9B74FD94}.NET40|Any CPU.Build.0 = Release|Any CPU
		{9B8FEA72-C43C-4B64-8330-3E1E9B74FD94}.NET40|ARM.ActiveCfg = Release|Any CPU
		{9B8FEA72-C43C-4B64-8330-3E1E9B74FD94}.NET40|ARM.Build.0 = Release|Any CPU
		{9B8FEA72-C43C-4B64-8330-3E1E9B74FD94}.NET40|x64.ActiveCfg = Release|Any CPU
		{9B8FEA72-C43C-4B64-8330-3E1E9B74FD94}.NET40|x64.Build.0 = Release|Any CPU
		{9B8FEA72-C43C-4B64-8330-3E1E9B74FD94}.NET40|x86.ActiveCfg = Release|Any CPU
		{9B8FEA72-C43C-4B64-8330-3E1E9B74FD94}.NET40|x86.Build.0 = Release|Any CPU
		{9B8FEA72-C43C-4B64-8330-3E1E9B74FD94}.NET45|Any CPU.ActiveCfg = Release|Any CPU
		{9B8FEA72-C43C-4B64-8330-3E1E9B74FD94}.NET45|Any CPU.Build.0 = Release|Any CPU
		{9B8FEA72-C43C-4B64-8330-3E1E9B74FD94}.NET45|ARM.ActiveCfg = Release|Any CPU
		{9B8FEA72-C43C-4B64-8330-3E1E9B74FD94}.NET45|ARM.Build.0 = Release|Any CPU
		{9B8FEA72-C43C-4B64-8330-3E1E9B74FD94}.NET45|x64.ActiveCfg = Release|Any CPU
		{9B8FEA72-C43C-4B64-8330-3E1E9B74FD94}.NET45|x64.Build.0 = Release|Any CPU
		{9B8FEA72-C43C-4B64-8330-3E1E9B74FD94}.NET45|x86.ActiveCfg = Release|Any CPU
		{9B8FEA72-C43C-4B64-8330-3E1E9B74FD94}.NET45|x86.Build.0 = Release|Any CPU
		{9B8FEA72-C43C-4B64-8330-3E1E9B74FD94}.Release|Any CPU.ActiveCfg = Release|Any CPU
		{9B8FEA72-C43C-4B64-8330-3E1E9B74FD94}.Release|Any CPU.Build.0 = Release|Any CPU
		{9B8FEA72-C43C-4B64-8330-3E1E9B74FD94}.Release|ARM.ActiveCfg = Release|Any CPU
		{9B8FEA72-C43C-4B64-8330-3E1E9B74FD94}.Release|ARM.Build.0 = Release|Any CPU
		{9B8FEA72-C43C-4B64-8330-3E1E9B74FD94}.Release|x64.ActiveCfg = Release|Any CPU
		{9B8FEA72-C43C-4B64-8330-3E1E9B74FD94}.Release|x64.Build.0 = Release|Any CPU
		{9B8FEA72-C43C-4B64-8330-3E1E9B74FD94}.Release|x86.ActiveCfg = Release|Any CPU
		{9B8FEA72-C43C-4B64-8330-3E1E9B74FD94}.Release|x86.Build.0 = Release|Any CPU
		{CB753606-FEEA-45CB-B0C1-CB215EF787EC}.Debug|Any CPU.ActiveCfg = Debug|Any CPU
		{CB753606-FEEA-45CB-B0C1-CB215EF787EC}.Debug|Any CPU.Build.0 = Debug|Any CPU
		{CB753606-FEEA-45CB-B0C1-CB215EF787EC}.Debug|ARM.ActiveCfg = Debug|Any CPU
		{CB753606-FEEA-45CB-B0C1-CB215EF787EC}.Debug|ARM.Build.0 = Debug|Any CPU
		{CB753606-FEEA-45CB-B0C1-CB215EF787EC}.Debug|x64.ActiveCfg = Debug|Any CPU
		{CB753606-FEEA-45CB-B0C1-CB215EF787EC}.Debug|x64.Build.0 = Debug|Any CPU
		{CB753606-FEEA-45CB-B0C1-CB215EF787EC}.Debug|x86.ActiveCfg = Debug|Any CPU
		{CB753606-FEEA-45CB-B0C1-CB215EF787EC}.Debug|x86.Build.0 = Debug|Any CPU
		{CB753606-FEEA-45CB-B0C1-CB215EF787EC}.NET40|Any CPU.ActiveCfg = Release|Any CPU
		{CB753606-FEEA-45CB-B0C1-CB215EF787EC}.NET40|Any CPU.Build.0 = Release|Any CPU
		{CB753606-FEEA-45CB-B0C1-CB215EF787EC}.NET40|ARM.ActiveCfg = Release|Any CPU
		{CB753606-FEEA-45CB-B0C1-CB215EF787EC}.NET40|ARM.Build.0 = Release|Any CPU
		{CB753606-FEEA-45CB-B0C1-CB215EF787EC}.NET40|x64.ActiveCfg = Release|Any CPU
		{CB753606-FEEA-45CB-B0C1-CB215EF787EC}.NET40|x64.Build.0 = Release|Any CPU
		{CB753606-FEEA-45CB-B0C1-CB215EF787EC}.NET40|x86.ActiveCfg = Release|Any CPU
		{CB753606-FEEA-45CB-B0C1-CB215EF787EC}.NET40|x86.Build.0 = Release|Any CPU
		{CB753606-FEEA-45CB-B0C1-CB215EF787EC}.NET45|Any CPU.ActiveCfg = Release|Any CPU
		{CB753606-FEEA-45CB-B0C1-CB215EF787EC}.NET45|Any CPU.Build.0 = Release|Any CPU
		{CB753606-FEEA-45CB-B0C1-CB215EF787EC}.NET45|ARM.ActiveCfg = Release|Any CPU
		{CB753606-FEEA-45CB-B0C1-CB215EF787EC}.NET45|ARM.Build.0 = Release|Any CPU
		{CB753606-FEEA-45CB-B0C1-CB215EF787EC}.NET45|x64.ActiveCfg = Release|Any CPU
		{CB753606-FEEA-45CB-B0C1-CB215EF787EC}.NET45|x64.Build.0 = Release|Any CPU
		{CB753606-FEEA-45CB-B0C1-CB215EF787EC}.NET45|x86.ActiveCfg = Release|Any CPU
		{CB753606-FEEA-45CB-B0C1-CB215EF787EC}.NET45|x86.Build.0 = Release|Any CPU
		{CB753606-FEEA-45CB-B0C1-CB215EF787EC}.Release|Any CPU.ActiveCfg = Release|Any CPU
		{CB753606-FEEA-45CB-B0C1-CB215EF787EC}.Release|Any CPU.Build.0 = Release|Any CPU
		{CB753606-FEEA-45CB-B0C1-CB215EF787EC}.Release|ARM.ActiveCfg = Release|Any CPU
		{CB753606-FEEA-45CB-B0C1-CB215EF787EC}.Release|ARM.Build.0 = Release|Any CPU
		{CB753606-FEEA-45CB-B0C1-CB215EF787EC}.Release|x64.ActiveCfg = Release|Any CPU
		{CB753606-FEEA-45CB-B0C1-CB215EF787EC}.Release|x64.Build.0 = Release|Any CPU
		{CB753606-FEEA-45CB-B0C1-CB215EF787EC}.Release|x86.ActiveCfg = Release|Any CPU
		{CB753606-FEEA-45CB-B0C1-CB215EF787EC}.Release|x86.Build.0 = Release|Any CPU
		{E21C9C9E-00FE-4652-94B8-AC303658B48E}.Debug|Any CPU.ActiveCfg = Debug|Any CPU
		{E21C9C9E-00FE-4652-94B8-AC303658B48E}.Debug|Any CPU.Build.0 = Debug|Any CPU
		{E21C9C9E-00FE-4652-94B8-AC303658B48E}.Debug|ARM.ActiveCfg = Debug|Any CPU
		{E21C9C9E-00FE-4652-94B8-AC303658B48E}.Debug|ARM.Build.0 = Debug|Any CPU
		{E21C9C9E-00FE-4652-94B8-AC303658B48E}.Debug|x64.ActiveCfg = Debug|Any CPU
		{E21C9C9E-00FE-4652-94B8-AC303658B48E}.Debug|x64.Build.0 = Debug|Any CPU
		{E21C9C9E-00FE-4652-94B8-AC303658B48E}.Debug|x86.ActiveCfg = Debug|Any CPU
		{E21C9C9E-00FE-4652-94B8-AC303658B48E}.Debug|x86.Build.0 = Debug|Any CPU
		{E21C9C9E-00FE-4652-94B8-AC303658B48E}.NET40|Any CPU.ActiveCfg = Release|Any CPU
		{E21C9C9E-00FE-4652-94B8-AC303658B48E}.NET40|Any CPU.Build.0 = Release|Any CPU
		{E21C9C9E-00FE-4652-94B8-AC303658B48E}.NET40|ARM.ActiveCfg = Release|Any CPU
		{E21C9C9E-00FE-4652-94B8-AC303658B48E}.NET40|ARM.Build.0 = Release|Any CPU
		{E21C9C9E-00FE-4652-94B8-AC303658B48E}.NET40|x64.ActiveCfg = Release|Any CPU
		{E21C9C9E-00FE-4652-94B8-AC303658B48E}.NET40|x64.Build.0 = Release|Any CPU
		{E21C9C9E-00FE-4652-94B8-AC303658B48E}.NET40|x86.ActiveCfg = Release|Any CPU
		{E21C9C9E-00FE-4652-94B8-AC303658B48E}.NET40|x86.Build.0 = Release|Any CPU
		{E21C9C9E-00FE-4652-94B8-AC303658B48E}.NET45|Any CPU.ActiveCfg = Release|Any CPU
		{E21C9C9E-00FE-4652-94B8-AC303658B48E}.NET45|Any CPU.Build.0 = Release|Any CPU
		{E21C9C9E-00FE-4652-94B8-AC303658B48E}.NET45|ARM.ActiveCfg = Release|Any CPU
		{E21C9C9E-00FE-4652-94B8-AC303658B48E}.NET45|ARM.Build.0 = Release|Any CPU
		{E21C9C9E-00FE-4652-94B8-AC303658B48E}.NET45|x64.ActiveCfg = Release|Any CPU
		{E21C9C9E-00FE-4652-94B8-AC303658B48E}.NET45|x64.Build.0 = Release|Any CPU
		{E21C9C9E-00FE-4652-94B8-AC303658B48E}.NET45|x86.ActiveCfg = Release|Any CPU
		{E21C9C9E-00FE-4652-94B8-AC303658B48E}.NET45|x86.Build.0 = Release|Any CPU
		{E21C9C9E-00FE-4652-94B8-AC303658B48E}.Release|Any CPU.ActiveCfg = Release|Any CPU
		{E21C9C9E-00FE-4652-94B8-AC303658B48E}.Release|Any CPU.Build.0 = Release|Any CPU
		{E21C9C9E-00FE-4652-94B8-AC303658B48E}.Release|ARM.ActiveCfg = Release|Any CPU
		{E21C9C9E-00FE-4652-94B8-AC303658B48E}.Release|ARM.Build.0 = Release|Any CPU
		{E21C9C9E-00FE-4652-94B8-AC303658B48E}.Release|x64.ActiveCfg = Release|Any CPU
		{E21C9C9E-00FE-4652-94B8-AC303658B48E}.Release|x64.Build.0 = Release|Any CPU
		{E21C9C9E-00FE-4652-94B8-AC303658B48E}.Release|x86.ActiveCfg = Release|Any CPU
		{E21C9C9E-00FE-4652-94B8-AC303658B48E}.Release|x86.Build.0 = Release|Any CPU
	EndGlobalSection
	GlobalSection(SolutionProperties) = preSolution
		HideSolutionNode = FALSE
	EndGlobalSection
EndGlobal
